
Microsoft Visual Studio Solution File, Format Version 12.00
# Visual Studio Version 16
VisualStudioVersion = 16.0.30717.126
MinimumVisualStudioVersion = 10.0.40219.1
Project("{FAE04EC0-301F-11D3-BF4B-00C04F79EFBC}") = "Spreadsheet", "Spreadsheet\Spreadsheet.csproj", "{E0FE9A49-FE97-4A67-9C0B-2C2701EE8774}"
EndProject
Global
	GlobalSection(SolutionConfigurationPlatforms) = preSolution
		Debug|Any CPU = Debug|Any CPU
		Release|Any CPU = Release|Any CPU
	EndGlobalSection
	GlobalSection(ProjectConfigurationPlatforms) = postSolution
		{E0FE9A49-FE97-4A67-9C0B-2C2701EE8774}.Debug|Any CPU.ActiveCfg = Debug|Any CPU
		{E0FE9A49-FE97-4A67-9C0B-2C2701EE8774}.Debug|Any CPU.Build.0 = Debug|Any CPU
		{E0FE9A49-FE97-4A67-9C0B-2C2701EE8774}.Release|Any CPU.ActiveCfg = Release|Any CPU
		{E0FE9A49-FE97-4A67-9C0B-2C2701EE8774}.Release|Any CPU.Build.0 = Release|Any CPU
	EndGlobalSection
	GlobalSection(SolutionProperties) = preSolution
		HideSolutionNode = FALSE
	EndGlobalSection
	GlobalSection(ExtensibilityGlobals) = postSolution
		SolutionGuid = {59177A9E-478A-4181-AB26-4D19747CC6EF}
	EndGlobalSection
EndGlobal
